<?xml version="1.0" encoding="utf-8"?>
<Project ToolsVersion="4.0" xmlns="http://schemas.microsoft.com/developer/msbuild/2003">
  <ItemGroup>
    <Filter Include="Source Files">
      <UniqueIdentifier>{4FC737F1-C7A5-4376-A066-2A32D752A2FF}</UniqueIdentifier>
      <Extensions>cpp;c;cc;cxx;c++;cppm;ixx;def;odl;idl;hpj;bat;asm;asmx</Extensions>
    </Filter>
    <Filter Include="Header Files">
      <UniqueIdentifier>{93995380-89BD-4b04-88EB-625FBE52EBFB}</UniqueIdentifier>
      <Extensions>h;hh;hpp;hxx;h++;hm;inl;inc;ipp;xsd</Extensions>
    </Filter>
    <Filter Include="Resource Files">
      <UniqueIdentifier>{67DA6AB6-F800-4c08-8B7A-83BB121AAD01}</UniqueIdentifier>
      <Extensions>rc;ico;cur;bmp;dlg;rc2;rct;bin;rgs;gif;jpg;jpeg;jpe;resx;tiff;tif;png;wav;mfcribbon-ms</Extensions>
    </Filter>
    <Filter Include="Header Files\Engine">
      <UniqueIdentifier>{24b2f21c-9b17-4822-acf5-5976d9b56311}</UniqueIdentifier>
    </Filter>
    <Filter Include="Header Files\Optimization">
      <UniqueIdentifier>{457edebd-2119-49e4-89e2-3b24e0b99735}</UniqueIdentifier>
    </Filter>
    <Filter Include="Header Files\Model">
      <UniqueIdentifier>{b953249c-2cc5-4e34-8ada-b6f9a80e7ce9}</UniqueIdentifier>
    </Filter>
    <Filter Include="Header Files\Core">
      <UniqueIdentifier>{4a820563-6c38-4288-8115-d0ded5cd6a4c}</UniqueIdentifier>
    </Filter>
    <Filter Include="Header Files\Core\Threading">
      <UniqueIdentifier>{feb8105a-31e2-445b-88d1-ce6fd8610000}</UniqueIdentifier>
    </Filter>
    <Filter Include="Header Files\Model\Basic Types">
      <UniqueIdentifier>{11c2b464-8d0d-4154-a32b-c7f14f9002f9}</UniqueIdentifier>
    </Filter>
    <Filter Include="Header Files\Model\Helpers">
      <UniqueIdentifier>{7a605983-7025-4855-84a7-844a0d937847}</UniqueIdentifier>
    </Filter>
    <Filter Include="Header Files\Engine\Strategy">
      <UniqueIdentifier>{65eca9b0-bdd4-41b0-b0e0-b3211323e8b7}</UniqueIdentifier>
    </Filter>
    <Filter Include="Header Files\Model\Core Types">
      <UniqueIdentifier>{63347671-048d-446a-ab82-acd8099ca199}</UniqueIdentifier>
    </Filter>
    <Filter Include="Header Files\Optimization\Constraints">
      <UniqueIdentifier>{56ea3904-9945-462d-a183-28986140dc7e}</UniqueIdentifier>
    </Filter>
    <Filter Include="Header Files\Optimization\Solvers">
      <UniqueIdentifier>{c1fe9a35-b5e2-4692-986d-49d8ca17afb3}</UniqueIdentifier>
    </Filter>
    <Filter Include="Header Files\Engine\Projection">
      <UniqueIdentifier>{edbc4128-c3a3-418d-9e1c-c53e91d96397}</UniqueIdentifier>
    </Filter>
    <Filter Include="Header Files\Core\Basic Types">
      <UniqueIdentifier>{d186dba2-34ef-4524-ba66-ff96ee004580}</UniqueIdentifier>
    </Filter>
    <Filter Include="Header Files\Core\UI">
      <UniqueIdentifier>{08dd6a56-96de-4f78-aa10-faf1aa60a72d}</UniqueIdentifier>
    </Filter>
  </ItemGroup>
  <ItemGroup>
    <ClInclude Include="MultiThreadedExecutor.h">
      <Filter>Header Files\Core\Threading</Filter>
    </ClInclude>
    <ClInclude Include="SingleThreadedExecutor.h">
      <Filter>Header Files\Core\Threading</Filter>
    </ClInclude>
    <ClInclude Include="TaskExecutor.h">
      <Filter>Header Files\Core\Threading</Filter>
    </ClInclude>
    <ClInclude Include="CashFlow.h">
      <Filter>Header Files\Model\Basic Types</Filter>
    </ClInclude>
    <ClInclude Include="Curve.h">
      <Filter>Header Files\Model\Basic Types</Filter>
    </ClInclude>
    <ClInclude Include="Date.h">
      <Filter>Header Files\Model\Basic Types</Filter>
    </ClInclude>
    <ClInclude Include="CashFlowBuilder.h">
      <Filter>Header Files\Model\Helpers</Filter>
    </ClInclude>
    <ClInclude Include="BuyBonds.h">
      <Filter>Header Files\Engine\Strategy</Filter>
    </ClInclude>
    <ClInclude Include="Asset.h">
      <Filter>Header Files\Model\Core Types</Filter>
    </ClInclude>
    <ClInclude Include="Portfolio.h">
      <Filter>Header Files\Model\Core Types</Filter>
    </ClInclude>
    <ClInclude Include="Constraint.h">
      <Filter>Header Files\Optimization\Constraints</Filter>
    </ClInclude>
    <ClInclude Include="BoxConstraint.h">
      <Filter>Header Files\Optimization\Constraints</Filter>
    </ClInclude>
    <ClInclude Include="ProjectedGradientSolver.h">
      <Filter>Header Files\Optimization\Solvers</Filter>
    </ClInclude>
    <ClInclude Include="Solver.h">
      <Filter>Header Files\Optimization\Solvers</Filter>
    </ClInclude>
    <ClInclude Include="RebalanceStrategy.h">
      <Filter>Header Files\Engine\Strategy</Filter>
    </ClInclude>
    <ClInclude Include="SellProRata.h">
      <Filter>Header Files\Engine\Strategy</Filter>
    </ClInclude>
    <ClInclude Include="Strategy.h">
      <Filter>Header Files\Engine\Strategy</Filter>
    </ClInclude>
    <ClInclude Include="MultiScenarioProjection.h">
      <Filter>Header Files\Engine\Projection</Filter>
    </ClInclude>
    <ClInclude Include="Projection.h">
      <Filter>Header Files\Engine\Projection</Filter>
    </ClInclude>
    <ClInclude Include="StartingAssetSolver.h">
      <Filter>Header Files\Engine\Projection</Filter>
    </ClInclude>
    <ClInclude Include="RelinkableHandle.h">
      <Filter>Header Files\Core\Basic Types</Filter>
    </ClInclude>
    <ClInclude Include="UI.h">
      <Filter>Header Files\Core\UI</Filter>
    </ClInclude>
    <ClInclude Include="TrustRegionSolver.h">
      <Filter>Header Files\Optimization\Solvers</Filter>
    </ClInclude>
  </ItemGroup>
  <ItemGroup>
    <ClCompile Include="Main.cpp">
      <Filter>Source Files</Filter>
    </ClCompile>
  </ItemGroup>
</Project>